
Microsoft Visual Studio Solution File, Format Version 12.00
# Visual Studio 15
VisualStudioVersion = 15.0.28307.136
MinimumVisualStudioVersion = 10.0.40219.1
Project("{9A19103F-16F7-4668-BE54-9A1E7A4F7556}") = "BionicalTechTest", "BionicalTechTest.csproj", "{42AE3CC9-B008-438F-A16A-EA0C4C02A090}"
EndProject
Global
	GlobalSection(SolutionConfigurationPlatforms) = preSolution
		Debug|Any CPU = Debug|Any CPU
		Release|Any CPU = Release|Any CPU
	EndGlobalSection
	GlobalSection(ProjectConfigurationPlatforms) = postSolution
		{42AE3CC9-B008-438F-A16A-EA0C4C02A090}.Debug|Any CPU.ActiveCfg = Debug|Any CPU
		{42AE3CC9-B008-438F-A16A-EA0C4C02A090}.Debug|Any CPU.Build.0 = Debug|Any CPU
		{42AE3CC9-B008-438F-A16A-EA0C4C02A090}.Release|Any CPU.ActiveCfg = Release|Any CPU
		{42AE3CC9-B008-438F-A16A-EA0C4C02A090}.Release|Any CPU.Build.0 = Release|Any CPU
	EndGlobalSection
	GlobalSection(SolutionProperties) = preSolution
		HideSolutionNode = FALSE
	EndGlobalSection
	GlobalSection(ExtensibilityGlobals) = postSolution
		SolutionGuid = {9ADB9D1D-F298-4ED8-8C28-6C60E5667858}
	EndGlobalSection
EndGlobal
